
Microsoft Visual Studio Solution File, Format Version 12.00
# Visual Studio Version 17
VisualStudioVersion = 17.1.32210.238
MinimumVisualStudioVersion = 10.0.40219.1
Project("{FAE04EC0-301F-11D3-BF4B-00C04F79EFBC}") = "KRMDataManager", "KRMDataManager\KRMDataManager.csproj", "{7BBAF32E-606F-4B7A-B83A-5E35DCAAEB7A}"
EndProject
Project("{00D1A9C2-B5F0-4AF3-8072-F6C62B433612}") = "KRMData", "KRMData\KRMData.sqlproj", "{0855FB7A-227C-430A-A2B4-51EB45E5467D}"
EndProject
Project("{FAE04EC0-301F-11D3-BF4B-00C04F79EFBC}") = "KRMDesktopUI", "KRMDesktopUI\KRMDesktopUI.csproj", "{6AF1CE77-5C89-423E-8D86-199F05FC1005}"
EndProject
Global
	GlobalSection(SolutionConfigurationPlatforms) = preSolution
		Debug|Any CPU = Debug|Any CPU
		Release|Any CPU = Release|Any CPU
	EndGlobalSection
	GlobalSection(ProjectConfigurationPlatforms) = postSolution
		{7BBAF32E-606F-4B7A-B83A-5E35DCAAEB7A}.Debug|Any CPU.ActiveCfg = Debug|Any CPU
		{7BBAF32E-606F-4B7A-B83A-5E35DCAAEB7A}.Debug|Any CPU.Build.0 = Debug|Any CPU
		{7BBAF32E-606F-4B7A-B83A-5E35DCAAEB7A}.Release|Any CPU.ActiveCfg = Release|Any CPU
		{7BBAF32E-606F-4B7A-B83A-5E35DCAAEB7A}.Release|Any CPU.Build.0 = Release|Any CPU
		{0855FB7A-227C-430A-A2B4-51EB45E5467D}.Debug|Any CPU.ActiveCfg = Debug|Any CPU
		{0855FB7A-227C-430A-A2B4-51EB45E5467D}.Debug|Any CPU.Build.0 = Debug|Any CPU
		{0855FB7A-227C-430A-A2B4-51EB45E5467D}.Debug|Any CPU.Deploy.0 = Debug|Any CPU
		{0855FB7A-227C-430A-A2B4-51EB45E5467D}.Release|Any CPU.ActiveCfg = Release|Any CPU
		{0855FB7A-227C-430A-A2B4-51EB45E5467D}.Release|Any CPU.Build.0 = Release|Any CPU
		{0855FB7A-227C-430A-A2B4-51EB45E5467D}.Release|Any CPU.Deploy.0 = Release|Any CPU
		{6AF1CE77-5C89-423E-8D86-199F05FC1005}.Debug|Any CPU.ActiveCfg = Debug|Any CPU
		{6AF1CE77-5C89-423E-8D86-199F05FC1005}.Debug|Any CPU.Build.0 = Debug|Any CPU
		{6AF1CE77-5C89-423E-8D86-199F05FC1005}.Release|Any CPU.ActiveCfg = Release|Any CPU
		{6AF1CE77-5C89-423E-8D86-199F05FC1005}.Release|Any CPU.Build.0 = Release|Any CPU
	EndGlobalSection
	GlobalSection(SolutionProperties) = preSolution
		HideSolutionNode = FALSE
	EndGlobalSection
	GlobalSection(ExtensibilityGlobals) = postSolution
		SolutionGuid = {5539D403-C636-49A0-AB9A-2AE77514DC9B}
	EndGlobalSection
EndGlobal
